// !$*UTF8*$!
{
	archiveVersion = 1;
	classes = {
	};
	objectVersion = 46;
	objects = {

/* Begin PBXBuildFile section */
		202053A618B0B93D00A48801 /* nikhil.png in Resources */ = {isa = PBXBuildFile; fileRef = 2050B28618AF9A6200C2BD39 /* nikhil.png */; };
		203C1A8E18B0F51300D50FB2 /* CoinbaseAPI.m in Sources */ = {isa = PBXBuildFile; fileRef = 203C1A8B18B0F51300D50FB2 /* CoinbaseAPI.m */; };
		203C1A8F18B0F51300D50FB2 /* CoinbaseAuth.m in Sources */ = {isa = PBXBuildFile; fileRef = 203C1A8D18B0F51300D50FB2 /* CoinbaseAuth.m */; };
		2050B28918AF9A6200C2BD39 /* kortina.png in Resources */ = {isa = PBXBuildFile; fileRef = 2050B28418AF9A6200C2BD39 /* kortina.png */; };
		2057114A18AF4B21001D0033 /* neel.png in Resources */ = {isa = PBXBuildFile; fileRef = 2057114C18AF4B21001D0033 /* neel.png */; };
		2057115318AF4BD0001D0033 /* Circle-ring-red.png in Resources */ = {isa = PBXBuildFile; fileRef = 2057115518AF4BD0001D0033 /* Circle-ring-red.png */; };
		2057115618AF4BD3001D0033 /* Circle-ring-green.png in Resources */ = {isa = PBXBuildFile; fileRef = 2057115818AF4BD3001D0033 /* Circle-ring-green.png */; };
		2057115918AF4BD5001D0033 /* Circle-mask.png in Resources */ = {isa = PBXBuildFile; fileRef = 2057115B18AF4BD5001D0033 /* Circle-mask.png */; };
		20674B4518AF2AD100F7629A /* PeerBrowserViewController.m in Sources */ = {isa = PBXBuildFile; fileRef = 20674B4418AF2AD100F7629A /* PeerBrowserViewController.m */; };
		20674B4918AF2FC200F7629A /* CustomShapes.m in Sources */ = {isa = PBXBuildFile; fileRef = 20674B4718AF2FC200F7629A /* CustomShapes.m */; };
		20674B4F18AF364E00F7629A /* AdvertiserViewController.m in Sources */ = {isa = PBXBuildFile; fileRef = 20674B4D18AF364E00F7629A /* AdvertiserViewController.m */; };
		20BE9DD718B0879500D9E3C7 /* arrow.png in Resources */ = {isa = PBXBuildFile; fileRef = 20BE9DD918B0879500D9E3C7 /* arrow.png */; };
		3136D95D18B050BC00450D5F /* ipad-home@2x.png in Resources */ = {isa = PBXBuildFile; fileRef = 3136D95F18B050BC00450D5F /* ipad-home@2x.png */; };
		31B64FAF18AF28C300BF7769 /* Foundation.framework in Frameworks */ = {isa = PBXBuildFile; fileRef = 31B64FAE18AF28C300BF7769 /* Foundation.framework */; };
		31B64FB118AF28C300BF7769 /* CoreGraphics.framework in Frameworks */ = {isa = PBXBuildFile; fileRef = 31B64FB018AF28C300BF7769 /* CoreGraphics.framework */; };
		31B64FB318AF28C300BF7769 /* UIKit.framework in Frameworks */ = {isa = PBXBuildFile; fileRef = 31B64FB218AF28C300BF7769 /* UIKit.framework */; };
		31B64FB918AF28C300BF7769 /* InfoPlist.strings in Resources */ = {isa = PBXBuildFile; fileRef = 31B64FB718AF28C300BF7769 /* InfoPlist.strings */; };
		31B64FBB18AF28C300BF7769 /* main.m in Sources */ = {isa = PBXBuildFile; fileRef = 31B64FBA18AF28C300BF7769 /* main.m */; };
		31B64FBF18AF28C300BF7769 /* AppDelegate.m in Sources */ = {isa = PBXBuildFile; fileRef = 31B64FBE18AF28C300BF7769 /* AppDelegate.m */; };
		31B64FC218AF28C300BF7769 /* Main_iPhone.storyboard in Resources */ = {isa = PBXBuildFile; fileRef = 31B64FC018AF28C300BF7769 /* Main_iPhone.storyboard */; };
		31B64FC518AF28C300BF7769 /* Main_iPad.storyboard in Resources */ = {isa = PBXBuildFile; fileRef = 31B64FC318AF28C300BF7769 /* Main_iPad.storyboard */; };
		31B64FC818AF28C300BF7769 /* ViewController.m in Sources */ = {isa = PBXBuildFile; fileRef = 31B64FC718AF28C300BF7769 /* ViewController.m */; };
		31B64FCA18AF28C300BF7769 /* Images.xcassets in Resources */ = {isa = PBXBuildFile; fileRef = 31B64FC918AF28C300BF7769 /* Images.xcassets */; };
		31B64FD118AF28C300BF7769 /* XCTest.framework in Frameworks */ = {isa = PBXBuildFile; fileRef = 31B64FD018AF28C300BF7769 /* XCTest.framework */; };
		31B64FD218AF28C300BF7769 /* Foundation.framework in Frameworks */ = {isa = PBXBuildFile; fileRef = 31B64FAE18AF28C300BF7769 /* Foundation.framework */; };
		31B64FD318AF28C300BF7769 /* UIKit.framework in Frameworks */ = {isa = PBXBuildFile; fileRef = 31B64FB218AF28C300BF7769 /* UIKit.framework */; };
		31B64FDB18AF28C300BF7769 /* InfoPlist.strings in Resources */ = {isa = PBXBuildFile; fileRef = 31B64FD918AF28C300BF7769 /* InfoPlist.strings */; };
		31B64FDD18AF28C300BF7769 /* currensyTests.m in Sources */ = {isa = PBXBuildFile; fileRef = 31B64FDC18AF28C300BF7769 /* currensyTests.m */; };
		31D00B4418B0844700E6E024 /* Images-2.xcassets in Resources */ = {isa = PBXBuildFile; fileRef = 31D00B4318B0844700E6E024 /* Images-2.xcassets */; };
		31D00B4618B0845C00E6E024 /* MultipeerConnectivity.framework in Frameworks */ = {isa = PBXBuildFile; fileRef = 31D00B4518B0845C00E6E024 /* MultipeerConnectivity.framework */; };
/* End PBXBuildFile section */

/* Begin PBXContainerItemProxy section */
		31B64FD418AF28C300BF7769 /* PBXContainerItemProxy */ = {
			isa = PBXContainerItemProxy;
			containerPortal = 31B64FA318AF28C300BF7769 /* Project object */;
			proxyType = 1;
			remoteGlobalIDString = 31B64FAA18AF28C300BF7769;
			remoteInfo = currensy;
		};
/* End PBXContainerItemProxy section */

/* Begin PBXFileReference section */
		203C1A8A18B0F51300D50FB2 /* CoinbaseAPI.h */ = {isa = PBXFileReference; fileEncoding = 4; lastKnownFileType = sourcecode.c.h; path = CoinbaseAPI.h; sourceTree = "<group>"; };
		203C1A8B18B0F51300D50FB2 /* CoinbaseAPI.m */ = {isa = PBXFileReference; fileEncoding = 4; lastKnownFileType = sourcecode.c.objc; path = CoinbaseAPI.m; sourceTree = "<group>"; };
		203C1A8C18B0F51300D50FB2 /* CoinbaseAuth.h */ = {isa = PBXFileReference; fileEncoding = 4; lastKnownFileType = sourcecode.c.h; path = CoinbaseAuth.h; sourceTree = "<group>"; };
		203C1A8D18B0F51300D50FB2 /* CoinbaseAuth.m */ = {isa = PBXFileReference; fileEncoding = 4; lastKnownFileType = sourcecode.c.objc; path = CoinbaseAuth.m; sourceTree = "<group>"; };
		2050B28518AF9A6200C2BD39 /* Base */ = {isa = PBXFileReference; lastKnownFileType = image.png; name = Base; path = Base.lproj/kortina.png; sourceTree = "<group>"; };
		2050B28718AF9A6200C2BD39 /* Base */ = {isa = PBXFileReference; lastKnownFileType = image.png; name = Base; path = Base.lproj/nikhil.png; sourceTree = "<group>"; };
		2057114B18AF4B21001D0033 /* Base */ = {isa = PBXFileReference; lastKnownFileType = image.png; name = Base; path = Base.lproj/neel.png; sourceTree = "<group>"; };
		2057115418AF4BD0001D0033 /* Base */ = {isa = PBXFileReference; lastKnownFileType = image.png; name = Base; path = "Base.lproj/Circle-ring-red.png"; sourceTree = "<group>"; };
		2057115718AF4BD3001D0033 /* Base */ = {isa = PBXFileReference; lastKnownFileType = image.png; name = Base; path = "Base.lproj/Circle-ring-green.png"; sourceTree = "<group>"; };
		2057115A18AF4BD5001D0033 /* Base */ = {isa = PBXFileReference; lastKnownFileType = image.png; name = Base; path = "Base.lproj/Circle-mask.png"; sourceTree = "<group>"; };
		20674B4318AF2AD100F7629A /* PeerBrowserViewController.h */ = {isa = PBXFileReference; fileEncoding = 4; lastKnownFileType = sourcecode.c.h; path = PeerBrowserViewController.h; sourceTree = "<group>"; };
		20674B4418AF2AD100F7629A /* PeerBrowserViewController.m */ = {isa = PBXFileReference; fileEncoding = 4; lastKnownFileType = sourcecode.c.objc; path = PeerBrowserViewController.m; sourceTree = "<group>"; };
		20674B4718AF2FC200F7629A /* CustomShapes.m */ = {isa = PBXFileReference; fileEncoding = 4; lastKnownFileType = sourcecode.c.objc; path = CustomShapes.m; sourceTree = "<group>"; };
		20674B4818AF2FC200F7629A /* CustomShapes.h */ = {isa = PBXFileReference; fileEncoding = 4; lastKnownFileType = sourcecode.c.h; path = CustomShapes.h; sourceTree = "<group>"; };
		20674B4D18AF364E00F7629A /* AdvertiserViewController.m */ = {isa = PBXFileReference; fileEncoding = 4; lastKnownFileType = sourcecode.c.objc; path = AdvertiserViewController.m; sourceTree = "<group>"; };
		20674B4E18AF364E00F7629A /* AdvertiserViewController.h */ = {isa = PBXFileReference; fileEncoding = 4; lastKnownFileType = sourcecode.c.h; path = AdvertiserViewController.h; sourceTree = "<group>"; };
		20BE9DD818B0879500D9E3C7 /* Base */ = {isa = PBXFileReference; lastKnownFileType = image.png; name = Base; path = Base.lproj/arrow.png; sourceTree = "<group>"; };
		3136D95E18B050BC00450D5F /* Base */ = {isa = PBXFileReference; lastKnownFileType = image.png; name = Base; path = "Base.lproj/ipad-home@2x.png"; sourceTree = "<group>"; };
		31B64FAB18AF28C300BF7769 /* currensy.app */ = {isa = PBXFileReference; explicitFileType = wrapper.application; includeInIndex = 0; path = currensy.app; sourceTree = BUILT_PRODUCTS_DIR; };
		31B64FAE18AF28C300BF7769 /* Foundation.framework */ = {isa = PBXFileReference; lastKnownFileType = wrapper.framework; name = Foundation.framework; path = System/Library/Frameworks/Foundation.framework; sourceTree = SDKROOT; };
		31B64FB018AF28C300BF7769 /* CoreGraphics.framework */ = {isa = PBXFileReference; lastKnownFileType = wrapper.framework; name = CoreGraphics.framework; path = System/Library/Frameworks/CoreGraphics.framework; sourceTree = SDKROOT; };
		31B64FB218AF28C300BF7769 /* UIKit.framework */ = {isa = PBXFileReference; lastKnownFileType = wrapper.framework; name = UIKit.framework; path = System/Library/Frameworks/UIKit.framework; sourceTree = SDKROOT; };
		31B64FB618AF28C300BF7769 /* currensy-Info.plist */ = {isa = PBXFileReference; lastKnownFileType = text.plist.xml; path = "currensy-Info.plist"; sourceTree = "<group>"; };
		31B64FB818AF28C300BF7769 /* en */ = {isa = PBXFileReference; lastKnownFileType = text.plist.strings; name = en; path = en.lproj/InfoPlist.strings; sourceTree = "<group>"; };
		31B64FBA18AF28C300BF7769 /* main.m */ = {isa = PBXFileReference; lastKnownFileType = sourcecode.c.objc; path = main.m; sourceTree = "<group>"; };
		31B64FBC18AF28C300BF7769 /* currensy-Prefix.pch */ = {isa = PBXFileReference; lastKnownFileType = sourcecode.c.h; path = "currensy-Prefix.pch"; sourceTree = "<group>"; };
		31B64FBD18AF28C300BF7769 /* AppDelegate.h */ = {isa = PBXFileReference; lastKnownFileType = sourcecode.c.h; path = AppDelegate.h; sourceTree = "<group>"; };
		31B64FBE18AF28C300BF7769 /* AppDelegate.m */ = {isa = PBXFileReference; lastKnownFileType = sourcecode.c.objc; path = AppDelegate.m; sourceTree = "<group>"; };
		31B64FC118AF28C300BF7769 /* Base */ = {isa = PBXFileReference; lastKnownFileType = file.storyboard; name = Base; path = Base.lproj/Main_iPhone.storyboard; sourceTree = "<group>"; };
		31B64FC418AF28C300BF7769 /* Base */ = {isa = PBXFileReference; lastKnownFileType = file.storyboard; name = Base; path = Base.lproj/Main_iPad.storyboard; sourceTree = "<group>"; };
		31B64FC618AF28C300BF7769 /* ViewController.h */ = {isa = PBXFileReference; lastKnownFileType = sourcecode.c.h; path = ViewController.h; sourceTree = "<group>"; };
		31B64FC718AF28C300BF7769 /* ViewController.m */ = {isa = PBXFileReference; lastKnownFileType = sourcecode.c.objc; path = ViewController.m; sourceTree = "<group>"; };
		31B64FC918AF28C300BF7769 /* Images.xcassets */ = {isa = PBXFileReference; lastKnownFileType = folder.assetcatalog; path = Images.xcassets; sourceTree = "<group>"; };
		31B64FCF18AF28C300BF7769 /* currensyTests.xctest */ = {isa = PBXFileReference; explicitFileType = wrapper.cfbundle; includeInIndex = 0; path = currensyTests.xctest; sourceTree = BUILT_PRODUCTS_DIR; };
		31B64FD018AF28C300BF7769 /* XCTest.framework */ = {isa = PBXFileReference; lastKnownFileType = wrapper.framework; name = XCTest.framework; path = Library/Frameworks/XCTest.framework; sourceTree = DEVELOPER_DIR; };
		31B64FD818AF28C300BF7769 /* currensyTests-Info.plist */ = {isa = PBXFileReference; lastKnownFileType = text.plist.xml; path = "currensyTests-Info.plist"; sourceTree = "<group>"; };
		31B64FDA18AF28C300BF7769 /* en */ = {isa = PBXFileReference; lastKnownFileType = text.plist.strings; name = en; path = en.lproj/InfoPlist.strings; sourceTree = "<group>"; };
		31B64FDC18AF28C300BF7769 /* currensyTests.m */ = {isa = PBXFileReference; lastKnownFileType = sourcecode.c.objc; path = currensyTests.m; sourceTree = "<group>"; };
		31D00B4318B0844700E6E024 /* Images-2.xcassets */ = {isa = PBXFileReference; lastKnownFileType = folder.assetcatalog; path = "Images-2.xcassets"; sourceTree = "<group>"; };
		31D00B4518B0845C00E6E024 /* MultipeerConnectivity.framework */ = {isa = PBXFileReference; lastKnownFileType = wrapper.framework; name = MultipeerConnectivity.framework; path = System/Library/Frameworks/MultipeerConnectivity.framework; sourceTree = SDKROOT; };
/* End PBXFileReference section */

/* Begin PBXFrameworksBuildPhase section */
		31B64FA818AF28C300BF7769 /* Frameworks */ = {
			isa = PBXFrameworksBuildPhase;
			buildActionMask = 2147483647;
			files = (
				31D00B4618B0845C00E6E024 /* MultipeerConnectivity.framework in Frameworks */,
				31B64FB118AF28C300BF7769 /* CoreGraphics.framework in Frameworks */,
				31B64FB318AF28C300BF7769 /* UIKit.framework in Frameworks */,
				31B64FAF18AF28C300BF7769 /* Foundation.framework in Frameworks */,
			);
			runOnlyForDeploymentPostprocessing = 0;
		};
		31B64FCC18AF28C300BF7769 /* Frameworks */ = {
			isa = PBXFrameworksBuildPhase;
			buildActionMask = 2147483647;
			files = (
				31B64FD118AF28C300BF7769 /* XCTest.framework in Frameworks */,
				31B64FD318AF28C300BF7769 /* UIKit.framework in Frameworks */,
				31B64FD218AF28C300BF7769 /* Foundation.framework in Frameworks */,
			);
			runOnlyForDeploymentPostprocessing = 0;
		};
/* End PBXFrameworksBuildPhase section */

/* Begin PBXGroup section */
		203C1A8918B0F4B200D50FB2 /* oauth */ = {
			isa = PBXGroup;
			children = (
				203C1A8A18B0F51300D50FB2 /* CoinbaseAPI.h */,
				203C1A8B18B0F51300D50FB2 /* CoinbaseAPI.m */,
				203C1A8C18B0F51300D50FB2 /* CoinbaseAuth.h */,
				203C1A8D18B0F51300D50FB2 /* CoinbaseAuth.m */,
			);
			name = oauth;
			path = currensy;
			sourceTree = "<group>";
		};
		20674B4218AF2AB100F7629A /* ui */ = {
			isa = PBXGroup;
			children = (
				20674B4718AF2FC200F7629A /* CustomShapes.m */,
				20674B4818AF2FC200F7629A /* CustomShapes.h */,
				31B64FC618AF28C300BF7769 /* ViewController.h */,
				31B64FC718AF28C300BF7769 /* ViewController.m */,
			);
			name = ui;
			sourceTree = "<group>";
		};
		20674B4618AF2AE200F7629A /* multipeer */ = {
			isa = PBXGroup;
			children = (
				20674B4318AF2AD100F7629A /* PeerBrowserViewController.h */,
				20674B4418AF2AD100F7629A /* PeerBrowserViewController.m */,
				20674B4E18AF364E00F7629A /* AdvertiserViewController.h */,
				20674B4D18AF364E00F7629A /* AdvertiserViewController.m */,
			);
			name = multipeer;
			sourceTree = "<group>";
		};
		20674B4C18AF347B00F7629A /* images */ = {
			isa = PBXGroup;
			children = (
				20BE9DD918B0879500D9E3C7 /* arrow.png */,
				3136D95F18B050BC00450D5F /* ipad-home@2x.png */,
				2050B28418AF9A6200C2BD39 /* kortina.png */,
				2050B28618AF9A6200C2BD39 /* nikhil.png */,
				2057115518AF4BD0001D0033 /* Circle-ring-red.png */,
				2057115818AF4BD3001D0033 /* Circle-ring-green.png */,
				2057115B18AF4BD5001D0033 /* Circle-mask.png */,
				2057114C18AF4B21001D0033 /* neel.png */,
			);
			name = images;
			sourceTree = "<group>";
		};
		31B64FA218AF28C300BF7769 = {
			isa = PBXGroup;
			children = (
				203C1A8918B0F4B200D50FB2 /* oauth */,
				31B64FB418AF28C300BF7769 /* currensy */,
				31B64FD618AF28C300BF7769 /* currensyTests */,
				31B64FAD18AF28C300BF7769 /* Frameworks */,
				31B64FAC18AF28C300BF7769 /* Products */,
			);
			sourceTree = "<group>";
		};
		31B64FAC18AF28C300BF7769 /* Products */ = {
			isa = PBXGroup;
			children = (
				31B64FAB18AF28C300BF7769 /* currensy.app */,
				31B64FCF18AF28C300BF7769 /* currensyTests.xctest */,
			);
			name = Products;
			sourceTree = "<group>";
		};
		31B64FAD18AF28C300BF7769 /* Frameworks */ = {
			isa = PBXGroup;
			children = (
				31D00B4518B0845C00E6E024 /* MultipeerConnectivity.framework */,
				31B64FAE18AF28C300BF7769 /* Foundation.framework */,
				31B64FB018AF28C300BF7769 /* CoreGraphics.framework */,
				31B64FB218AF28C300BF7769 /* UIKit.framework */,
				31B64FD018AF28C300BF7769 /* XCTest.framework */,
			);
			name = Frameworks;
			sourceTree = "<group>";
		};
		31B64FB418AF28C300BF7769 /* currensy */ = {
			isa = PBXGroup;
			children = (
				31B64FBD18AF28C300BF7769 /* AppDelegate.h */,
				31B64FBE18AF28C300BF7769 /* AppDelegate.m */,
				31B64FC018AF28C300BF7769 /* Main_iPhone.storyboard */,
				31B64FC318AF28C300BF7769 /* Main_iPad.storyboard */,
				20674B4C18AF347B00F7629A /* images */,
				20674B4618AF2AE200F7629A /* multipeer */,
				20674B4218AF2AB100F7629A /* ui */,
				31B64FC918AF28C300BF7769 /* Images.xcassets */,
				31D00B4318B0844700E6E024 /* Images-2.xcassets */,
				31B64FB518AF28C300BF7769 /* Supporting Files */,
			);
			path = currensy;
			sourceTree = "<group>";
		};
		31B64FB518AF28C300BF7769 /* Supporting Files */ = {
			isa = PBXGroup;
			children = (
				31B64FB618AF28C300BF7769 /* currensy-Info.plist */,
				31B64FB718AF28C300BF7769 /* InfoPlist.strings */,
				31B64FBA18AF28C300BF7769 /* main.m */,
				31B64FBC18AF28C300BF7769 /* currensy-Prefix.pch */,
			);
			name = "Supporting Files";
			sourceTree = "<group>";
		};
		31B64FD618AF28C300BF7769 /* currensyTests */ = {
			isa = PBXGroup;
			children = (
				31B64FDC18AF28C300BF7769 /* currensyTests.m */,
				31B64FD718AF28C300BF7769 /* Supporting Files */,
			);
			path = currensyTests;
			sourceTree = "<group>";
		};
		31B64FD718AF28C300BF7769 /* Supporting Files */ = {
			isa = PBXGroup;
			children = (
				31B64FD818AF28C300BF7769 /* currensyTests-Info.plist */,
				31B64FD918AF28C300BF7769 /* InfoPlist.strings */,
			);
			name = "Supporting Files";
			sourceTree = "<group>";
		};
/* End PBXGroup section */

/* Begin PBXNativeTarget section */
		31B64FAA18AF28C300BF7769 /* currensy */ = {
			isa = PBXNativeTarget;
			buildConfigurationList = 31B64FE018AF28C300BF7769 /* Build configuration list for PBXNativeTarget "currensy" */;
			buildPhases = (
				31B64FA718AF28C300BF7769 /* Sources */,
				31B64FA818AF28C300BF7769 /* Frameworks */,
				31B64FA918AF28C300BF7769 /* Resources */,
			);
			buildRules = (
			);
			dependencies = (
			);
			name = currensy;
			productName = currensy;
			productReference = 31B64FAB18AF28C300BF7769 /* currensy.app */;
			productType = "com.apple.product-type.application";
		};
		31B64FCE18AF28C300BF7769 /* currensyTests */ = {
			isa = PBXNativeTarget;
			buildConfigurationList = 31B64FE318AF28C300BF7769 /* Build configuration list for PBXNativeTarget "currensyTests" */;
			buildPhases = (
				31B64FCB18AF28C300BF7769 /* Sources */,
				31B64FCC18AF28C300BF7769 /* Frameworks */,
				31B64FCD18AF28C300BF7769 /* Resources */,
			);
			buildRules = (
			);
			dependencies = (
				31B64FD518AF28C300BF7769 /* PBXTargetDependency */,
			);
			name = currensyTests;
			productName = currensyTests;
			productReference = 31B64FCF18AF28C300BF7769 /* currensyTests.xctest */;
			productType = "com.apple.product-type.bundle.unit-test";
		};
/* End PBXNativeTarget section */

/* Begin PBXProject section */
		31B64FA318AF28C300BF7769 /* Project object */ = {
			isa = PBXProject;
			attributes = {
				LastUpgradeCheck = 0500;
				ORGANIZATIONNAME = bitpass;
				TargetAttributes = {
					31B64FAA18AF28C300BF7769 = {
						DevelopmentTeam = NF78B4JD3Q;
					};
					31B64FCE18AF28C300BF7769 = {
						TestTargetID = 31B64FAA18AF28C300BF7769;
					};
				};
			};
			buildConfigurationList = 31B64FA618AF28C300BF7769 /* Build configuration list for PBXProject "currensy" */;
			compatibilityVersion = "Xcode 3.2";
			developmentRegion = English;
			hasScannedForEncodings = 0;
			knownRegions = (
				en,
				Base,
			);
			mainGroup = 31B64FA218AF28C300BF7769;
			productRefGroup = 31B64FAC18AF28C300BF7769 /* Products */;
			projectDirPath = "";
			projectRoot = "";
			targets = (
				31B64FAA18AF28C300BF7769 /* currensy */,
				31B64FCE18AF28C300BF7769 /* currensyTests */,
			);
		};
/* End PBXProject section */

/* Begin PBXResourcesBuildPhase section */
		31B64FA918AF28C300BF7769 /* Resources */ = {
			isa = PBXResourcesBuildPhase;
			buildActionMask = 2147483647;
			files = (
				2050B28918AF9A6200C2BD39 /* kortina.png in Resources */,
				31B64FC518AF28C300BF7769 /* Main_iPad.storyboard in Resources */,
				2057115318AF4BD0001D0033 /* Circle-ring-red.png in Resources */,
				2057114A18AF4B21001D0033 /* neel.png in Resources */,
				202053A618B0B93D00A48801 /* nikhil.png in Resources */,
				3136D95D18B050BC00450D5F /* ipad-home@2x.png in Resources */,
				20BE9DD718B0879500D9E3C7 /* arrow.png in Resources */,
				2057115618AF4BD3001D0033 /* Circle-ring-green.png in Resources */,
				31D00B4418B0844700E6E024 /* Images-2.xcassets in Resources */,
				31B64FCA18AF28C300BF7769 /* Images.xcassets in Resources */,
				2057115918AF4BD5001D0033 /* Circle-mask.png in Resources */,
				31B64FC218AF28C300BF7769 /* Main_iPhone.storyboard in Resources */,
				31B64FB918AF28C300BF7769 /* InfoPlist.strings in Resources */,
			);
			runOnlyForDeploymentPostprocessing = 0;
		};
		31B64FCD18AF28C300BF7769 /* Resources */ = {
			isa = PBXResourcesBuildPhase;
			buildActionMask = 2147483647;
			files = (
				31B64FDB18AF28C300BF7769 /* InfoPlist.strings in Resources */,
			);
			runOnlyForDeploymentPostprocessing = 0;
		};
/* End PBXResourcesBuildPhase section */

/* Begin PBXSourcesBuildPhase section */
		31B64FA718AF28C300BF7769 /* Sources */ = {
			isa = PBXSourcesBuildPhase;
			buildActionMask = 2147483647;
			files = (
				31B64FC818AF28C300BF7769 /* ViewController.m in Sources */,
				20674B4F18AF364E00F7629A /* AdvertiserViewController.m in Sources */,
				203C1A8E18B0F51300D50FB2 /* CoinbaseAPI.m in Sources */,
				20674B4518AF2AD100F7629A /* PeerBrowserViewController.m in Sources */,
				31B64FBF18AF28C300BF7769 /* AppDelegate.m in Sources */,
				31B64FBB18AF28C300BF7769 /* main.m in Sources */,
				20674B4918AF2FC200F7629A /* CustomShapes.m in Sources */,
				203C1A8F18B0F51300D50FB2 /* CoinbaseAuth.m in Sources */,
			);
			runOnlyForDeploymentPostprocessing = 0;
		};
		31B64FCB18AF28C300BF7769 /* Sources */ = {
			isa = PBXSourcesBuildPhase;
			buildActionMask = 2147483647;
			files = (
				31B64FDD18AF28C300BF7769 /* currensyTests.m in Sources */,
			);
			runOnlyForDeploymentPostprocessing = 0;
		};
/* End PBXSourcesBuildPhase section */

/* Begin PBXTargetDependency section */
		31B64FD518AF28C300BF7769 /* PBXTargetDependency */ = {
			isa = PBXTargetDependency;
			target = 31B64FAA18AF28C300BF7769 /* currensy */;
			targetProxy = 31B64FD418AF28C300BF7769 /* PBXContainerItemProxy */;
		};
/* End PBXTargetDependency section */

/* Begin PBXVariantGroup section */
		2050B28418AF9A6200C2BD39 /* kortina.png */ = {
			isa = PBXVariantGroup;
			children = (
				2050B28518AF9A6200C2BD39 /* Base */,
			);
			name = kortina.png;
			sourceTree = "<group>";
		};
		2050B28618AF9A6200C2BD39 /* nikhil.png */ = {
			isa = PBXVariantGroup;
			children = (
				2050B28718AF9A6200C2BD39 /* Base */,
			);
			name = nikhil.png;
			sourceTree = "<group>";
		};
		2057114C18AF4B21001D0033 /* neel.png */ = {
			isa = PBXVariantGroup;
			children = (
				2057114B18AF4B21001D0033 /* Base */,
			);
			name = neel.png;
			sourceTree = "<group>";
		};
		2057115518AF4BD0001D0033 /* Circle-ring-red.png */ = {
			isa = PBXVariantGroup;
			children = (
				2057115418AF4BD0001D0033 /* Base */,
			);
			name = "Circle-ring-red.png";
			sourceTree = "<group>";
		};
		2057115818AF4BD3001D0033 /* Circle-ring-green.png */ = {
			isa = PBXVariantGroup;
			children = (
				2057115718AF4BD3001D0033 /* Base */,
			);
			name = "Circle-ring-green.png";
			sourceTree = "<group>";
		};
		2057115B18AF4BD5001D0033 /* Circle-mask.png */ = {
			isa = PBXVariantGroup;
			children = (
				2057115A18AF4BD5001D0033 /* Base */,
			);
			name = "Circle-mask.png";
			sourceTree = "<group>";
		};
		20BE9DD918B0879500D9E3C7 /* arrow.png */ = {
			isa = PBXVariantGroup;
			children = (
				20BE9DD818B0879500D9E3C7 /* Base */,
			);
			name = arrow.png;
			sourceTree = SOURCE_ROOT;
		};
		3136D95F18B050BC00450D5F /* ipad-home@2x.png */ = {
			isa = PBXVariantGroup;
			children = (
				3136D95E18B050BC00450D5F /* Base */,
			);
			name = "ipad-home@2x.png";
			sourceTree = "<group>";
		};
		31B64FB718AF28C300BF7769 /* InfoPlist.strings */ = {
			isa = PBXVariantGroup;
			children = (
				31B64FB818AF28C300BF7769 /* en */,
			);
			name = InfoPlist.strings;
			sourceTree = "<group>";
		};
		31B64FC018AF28C300BF7769 /* Main_iPhone.storyboard */ = {
			isa = PBXVariantGroup;
			children = (
				31B64FC118AF28C300BF7769 /* Base */,
			);
			name = Main_iPhone.storyboard;
			sourceTree = "<group>";
		};
		31B64FC318AF28C300BF7769 /* Main_iPad.storyboard */ = {
			isa = PBXVariantGroup;
			children = (
				31B64FC418AF28C300BF7769 /* Base */,
			);
			name = Main_iPad.storyboard;
			sourceTree = "<group>";
		};
		31B64FD918AF28C300BF7769 /* InfoPlist.strings */ = {
			isa = PBXVariantGroup;
			children = (
				31B64FDA18AF28C300BF7769 /* en */,
			);
			name = InfoPlist.strings;
			sourceTree = "<group>";
		};
/* End PBXVariantGroup section */

/* Begin XCBuildConfiguration section */
		31B64FDE18AF28C300BF7769 /* Debug */ = {
			isa = XCBuildConfiguration;
			buildSettings = {
				ALWAYS_SEARCH_USER_PATHS = NO;
				ARCHS = "$(ARCHS_STANDARD_INCLUDING_64_BIT)";
				CLANG_CXX_LANGUAGE_STANDARD = "gnu++0x";
				CLANG_CXX_LIBRARY = "libc++";
				CLANG_ENABLE_MODULES = YES;
				CLANG_ENABLE_OBJC_ARC = YES;
				CLANG_WARN_BOOL_CONVERSION = YES;
				CLANG_WARN_CONSTANT_CONVERSION = YES;
				CLANG_WARN_DIRECT_OBJC_ISA_USAGE = YES_ERROR;
				CLANG_WARN_EMPTY_BODY = YES;
				CLANG_WARN_ENUM_CONVERSION = YES;
				CLANG_WARN_INT_CONVERSION = YES;
				CLANG_WARN_OBJC_ROOT_CLASS = YES_ERROR;
				CLANG_WARN__DUPLICATE_METHOD_MATCH = YES;
				"CODE_SIGN_IDENTITY[sdk=iphoneos*]" = "iPhone Developer";
				COPY_PHASE_STRIP = NO;
				GCC_C_LANGUAGE_STANDARD = gnu99;
				GCC_DYNAMIC_NO_PIC = NO;
				GCC_OPTIMIZATION_LEVEL = 0;
				GCC_PREPROCESSOR_DEFINITIONS = (
					"DEBUG=1",
					"$(inherited)",
				);
				GCC_SYMBOLS_PRIVATE_EXTERN = NO;
				GCC_WARN_64_TO_32_BIT_CONVERSION = YES;
				GCC_WARN_ABOUT_RETURN_TYPE = YES_ERROR;
				GCC_WARN_UNDECLARED_SELECTOR = YES;
				GCC_WARN_UNINITIALIZED_AUTOS = YES;
				GCC_WARN_UNUSED_FUNCTION = YES;
				GCC_WARN_UNUSED_VARIABLE = YES;
				IPHONEOS_DEPLOYMENT_TARGET = 7.0;
				ONLY_ACTIVE_ARCH = YES;
				SDKROOT = iphoneos;
				TARGETED_DEVICE_FAMILY = "1,2";
			};
			name = Debug;
		};
		31B64FDF18AF28C300BF7769 /* Release */ = {
			isa = XCBuildConfiguration;
			buildSettings = {
				ALWAYS_SEARCH_USER_PATHS = NO;
				ARCHS = "$(ARCHS_STANDARD_INCLUDING_64_BIT)";
				CLANG_CXX_LANGUAGE_STANDARD = "gnu++0x";
				CLANG_CXX_LIBRARY = "libc++";
				CLANG_ENABLE_MODULES = YES;
				CLANG_ENABLE_OBJC_ARC = YES;
				CLANG_WARN_BOOL_CONVERSION = YES;
				CLANG_WARN_CONSTANT_CONVERSION = YES;
				CLANG_WARN_DIRECT_OBJC_ISA_USAGE = YES_ERROR;
				CLANG_WARN_EMPTY_BODY = YES;
				CLANG_WARN_ENUM_CONVERSION = YES;
				CLANG_WARN_INT_CONVERSION = YES;
				CLANG_WARN_OBJC_ROOT_CLASS = YES_ERROR;
				CLANG_WARN__DUPLICATE_METHOD_MATCH = YES;
				"CODE_SIGN_IDENTITY[sdk=iphoneos*]" = "iPhone Developer";
				COPY_PHASE_STRIP = YES;
				ENABLE_NS_ASSERTIONS = NO;
				GCC_C_LANGUAGE_STANDARD = gnu99;
				GCC_WARN_64_TO_32_BIT_CONVERSION = YES;
				GCC_WARN_ABOUT_RETURN_TYPE = YES_ERROR;
				GCC_WARN_UNDECLARED_SELECTOR = YES;
				GCC_WARN_UNINITIALIZED_AUTOS = YES;
				GCC_WARN_UNUSED_FUNCTION = YES;
				GCC_WARN_UNUSED_VARIABLE = YES;
				IPHONEOS_DEPLOYMENT_TARGET = 7.0;
				SDKROOT = iphoneos;
				TARGETED_DEVICE_FAMILY = "1,2";
				VALIDATE_PRODUCT = YES;
			};
			name = Release;
		};
		31B64FE118AF28C300BF7769 /* Debug */ = {
			isa = XCBuildConfiguration;
			buildSettings = {
				ASSETCATALOG_COMPILER_APPICON_NAME = AppIcon;
				ASSETCATALOG_COMPILER_LAUNCHIMAGE_NAME = LaunchImage;
				CODE_SIGN_IDENTITY = "iPhone Developer";
				"CODE_SIGN_IDENTITY[sdk=iphoneos*]" = "iPhone Developer";
				GCC_PRECOMPILE_PREFIX_HEADER = YES;
				GCC_PREFIX_HEADER = "currensy/currensy-Prefix.pch";
				INFOPLIST_FILE = "currensy/currensy-Info.plist";
				PRODUCT_NAME = "$(TARGET_NAME)";
				PROVISIONING_PROFILE = "";
				WRAPPER_EXTENSION = app;
			};
			name = Debug;
		};
		31B64FE218AF28C300BF7769 /* Release */ = {
			isa = XCBuildConfiguration;
			buildSettings = {
				ASSETCATALOG_COMPILER_APPICON_NAME = AppIcon;
				ASSETCATALOG_COMPILER_LAUNCHIMAGE_NAME = LaunchImage;
				CODE_SIGN_IDENTITY = "iPhone Developer";
				"CODE_SIGN_IDENTITY[sdk=iphoneos*]" = "iPhone Developer";
				GCC_PRECOMPILE_PREFIX_HEADER = YES;
				GCC_PREFIX_HEADER = "currensy/currensy-Prefix.pch";
				INFOPLIST_FILE = "currensy/currensy-Info.plist";
				PRODUCT_NAME = "$(TARGET_NAME)";
				PROVISIONING_PROFILE = "";
				WRAPPER_EXTENSION = app;
			};
			name = Release;
		};
		31B64FE418AF28C300BF7769 /* Debug */ = {
			isa = XCBuildConfiguration;
			buildSettings = {
				ARCHS = "$(ARCHS_STANDARD_INCLUDING_64_BIT)";
				BUNDLE_LOADER = "$(BUILT_PRODUCTS_DIR)/currensy.app/currensy";
				FRAMEWORK_SEARCH_PATHS = (
					"$(SDKROOT)/Developer/Library/Frameworks",
					"$(inherited)",
					"$(DEVELOPER_FRAMEWORKS_DIR)",
				);
				GCC_PRECOMPILE_PREFIX_HEADER = YES;
				GCC_PREFIX_HEADER = "currensy/currensy-Prefix.pch";
				GCC_PREPROCESSOR_DEFINITIONS = (
					"DEBUG=1",
					"$(inherited)",
				);
				INFOPLIST_FILE = "currensyTests/currensyTests-Info.plist";
				PRODUCT_NAME = "$(TARGET_NAME)";
				TEST_HOST = "$(BUNDLE_LOADER)";
				WRAPPER_EXTENSION = xctest;
			};
			name = Debug;
		};
		31B64FE518AF28C300BF7769 /* Release */ = {
			isa = XCBuildConfiguration;
			buildSettings = {
				ARCHS = "$(ARCHS_STANDARD_INCLUDING_64_BIT)";
				BUNDLE_LOADER = "$(BUILT_PRODUCTS_DIR)/currensy.app/currensy";
				FRAMEWORK_SEARCH_PATHS = (
					"$(SDKROOT)/Developer/Library/Frameworks",
					"$(inherited)",
					"$(DEVELOPER_FRAMEWORKS_DIR)",
				);
				GCC_PRECOMPILE_PREFIX_HEADER = YES;
				GCC_PREFIX_HEADER = "currensy/currensy-Prefix.pch";
				INFOPLIST_FILE = "currensyTests/currensyTests-Info.plist";
				PRODUCT_NAME = "$(TARGET_NAME)";
				TEST_HOST = "$(BUNDLE_LOADER)";
				WRAPPER_EXTENSION = xctest;
			};
			name = Release;
		};
/* End XCBuildConfiguration section */

/* Begin XCConfigurationList section */
		31B64FA618AF28C300BF7769 /* Build configuration list for PBXProject "currensy" */ = {
			isa = XCConfigurationList;
			buildConfigurations = (
				31B64FDE18AF28C300BF7769 /* Debug */,
				31B64FDF18AF28C300BF7769 /* Release */,
			);
			defaultConfigurationIsVisible = 0;
			defaultConfigurationName = Release;
		};
		31B64FE018AF28C300BF7769 /* Build configuration list for PBXNativeTarget "currensy" */ = {
			isa = XCConfigurationList;
			buildConfigurations = (
				31B64FE118AF28C300BF7769 /* Debug */,
				31B64FE218AF28C300BF7769 /* Release */,
			);
			defaultConfigurationIsVisible = 0;
			defaultConfigurationName = Release;
		};
		31B64FE318AF28C300BF7769 /* Build configuration list for PBXNativeTarget "currensyTests" */ = {
			isa = XCConfigurationList;
			buildConfigurations = (
				31B64FE418AF28C300BF7769 /* Debug */,
				31B64FE518AF28C300BF7769 /* Release */,
			);
			defaultConfigurationIsVisible = 0;
			defaultConfigurationName = Release;
		};
/* End XCConfigurationList section */
	};
	rootObject = 31B64FA318AF28C300BF7769 /* Project object */;
}
